
Microsoft Visual Studio Solution File, Format Version 12.00
# Visual Studio Version 17
VisualStudioVersion = 17.9.34616.47
MinimumVisualStudioVersion = 10.0.40219.1
Project("{FAE04EC0-301F-11D3-BF4B-00C04F79EFBC}") = "Alphabetic Telephone Number Translator(chap8 prob9)", "Alphabetic Telephone Number Translator(chap8 prob9).csproj", "{4997DDC2-A5F3-4F22-9B5B-9237987BE50A}"
EndProject
Global
	GlobalSection(SolutionConfigurationPlatforms) = preSolution
		Debug|Any CPU = Debug|Any CPU
		Release|Any CPU = Release|Any CPU
	EndGlobalSection
	GlobalSection(ProjectConfigurationPlatforms) = postSolution
		{4997DDC2-A5F3-4F22-9B5B-9237987BE50A}.Debug|Any CPU.ActiveCfg = Debug|Any CPU
		{4997DDC2-A5F3-4F22-9B5B-9237987BE50A}.Debug|Any CPU.Build.0 = Debug|Any CPU
		{4997DDC2-A5F3-4F22-9B5B-9237987BE50A}.Release|Any CPU.ActiveCfg = Release|Any CPU
		{4997DDC2-A5F3-4F22-9B5B-9237987BE50A}.Release|Any CPU.Build.0 = Release|Any CPU
	EndGlobalSection
	GlobalSection(SolutionProperties) = preSolution
		HideSolutionNode = FALSE
	EndGlobalSection
	GlobalSection(ExtensibilityGlobals) = postSolution
		SolutionGuid = {03F9DE61-B013-4A53-A2E5-C1B710D3E97F}
	EndGlobalSection
EndGlobal
